
Microsoft Visual Studio Solution File, Format Version 12.00
# Visual Studio 14
VisualStudioVersion = 14.0.25420.1
MinimumVisualStudioVersion = 10.0.40219.1
Project("{FAE04EC0-301F-11D3-BF4B-00C04F79EFBC}") = "OfficeSpace", "Office_space\OfficeSpace.csproj", "{F656C835-CD85-492B-89D9-9947DC7788D4}"
EndProject
Project("{FAE04EC0-301F-11D3-BF4B-00C04F79EFBC}") = "OfficeSpace.UnitTest", "OfficeSpace.UnitTest\OfficeSpace.UnitTest.csproj", "{2C232C80-A717-49CA-AB30-D7E90E7A1C56}"
EndProject
Global
	GlobalSection(SolutionConfigurationPlatforms) = preSolution
		Debug|Any CPU = Debug|Any CPU
		Release|Any CPU = Release|Any CPU
	EndGlobalSection
	GlobalSection(ProjectConfigurationPlatforms) = postSolution
		{F656C835-CD85-492B-89D9-9947DC7788D4}.Debug|Any CPU.ActiveCfg = Debug|Any CPU
		{F656C835-CD85-492B-89D9-9947DC7788D4}.Debug|Any CPU.Build.0 = Debug|Any CPU
		{F656C835-CD85-492B-89D9-9947DC7788D4}.Release|Any CPU.ActiveCfg = Release|Any CPU
		{F656C835-CD85-492B-89D9-9947DC7788D4}.Release|Any CPU.Build.0 = Release|Any CPU
		{2C232C80-A717-49CA-AB30-D7E90E7A1C56}.Debug|Any CPU.ActiveCfg = Debug|Any CPU
		{2C232C80-A717-49CA-AB30-D7E90E7A1C56}.Debug|Any CPU.Build.0 = Debug|Any CPU
		{2C232C80-A717-49CA-AB30-D7E90E7A1C56}.Release|Any CPU.ActiveCfg = Release|Any CPU
		{2C232C80-A717-49CA-AB30-D7E90E7A1C56}.Release|Any CPU.Build.0 = Release|Any CPU
	EndGlobalSection
	GlobalSection(SolutionProperties) = preSolution
		HideSolutionNode = FALSE
	EndGlobalSection
EndGlobal
